
Microsoft Visual Studio Solution File, Format Version 12.00
Project("{FAE04EC0-301F-11D3-BF4B-00C04F79EFBC}") = "BubbleSort", "BubbleSort\BubbleSort.csproj", "{D1AA27DB-67BB-4CB1-A313-3DD4B554F176}"
EndProject
Global
	GlobalSection(SolutionConfigurationPlatforms) = preSolution
		Debug|Any CPU = Debug|Any CPU
		Release|Any CPU = Release|Any CPU
	EndGlobalSection
	GlobalSection(ProjectConfigurationPlatforms) = postSolution
		{D1AA27DB-67BB-4CB1-A313-3DD4B554F176}.Debug|Any CPU.ActiveCfg = Debug|Any CPU
		{D1AA27DB-67BB-4CB1-A313-3DD4B554F176}.Debug|Any CPU.Build.0 = Debug|Any CPU
		{D1AA27DB-67BB-4CB1-A313-3DD4B554F176}.Release|Any CPU.ActiveCfg = Release|Any CPU
		{D1AA27DB-67BB-4CB1-A313-3DD4B554F176}.Release|Any CPU.Build.0 = Release|Any CPU
	EndGlobalSection
EndGlobal
